
Microsoft Visual Studio Solution File, Format Version 11.00
# Visual Studio 2010
Project("{8BC9CEB8-8B4A-11D0-8D11-00A0C91BC942}") = "Triangular_Ising_Model_Spin_One_11_07", "Triangular_Ising_Model_Spin_One_11_07\Triangular_Ising_Model_Spin_One_11_07.vcxproj", "{A12CD398-19A7-4281-A676-D6FCBAE27269}"
EndProject
Global
	GlobalSection(SolutionConfigurationPlatforms) = preSolution
		Debug|Win32 = Debug|Win32
		Release|Win32 = Release|Win32
	EndGlobalSection
	GlobalSection(ProjectConfigurationPlatforms) = postSolution
		{A12CD398-19A7-4281-A676-D6FCBAE27269}.Debug|Win32.ActiveCfg = Debug|Win32
		{A12CD398-19A7-4281-A676-D6FCBAE27269}.Debug|Win32.Build.0 = Debug|Win32
		{A12CD398-19A7-4281-A676-D6FCBAE27269}.Release|Win32.ActiveCfg = Release|Win32
		{A12CD398-19A7-4281-A676-D6FCBAE27269}.Release|Win32.Build.0 = Release|Win32
	EndGlobalSection
	GlobalSection(SolutionProperties) = preSolution
		HideSolutionNode = FALSE
	EndGlobalSection
EndGlobal
